
Microsoft Visual Studio Solution File, Format Version 12.00
# Visual Studio 15
VisualStudioVersion = 15.0.26430.16
MinimumVisualStudioVersion = 10.0.40219.1
Project("{2150E333-8FDC-42A3-9474-1A3956D46DE8}") = "Solution Items", "Solution Items", "{A4277CD7-B2E1-4EAE-A58C-70A23E994969}"
	ProjectSection(SolutionItems) = preProject
		Local.testsettings = Local.testsettings
		Prototyping.vsmdi = Prototyping.vsmdi
		TraceAndTestImpact.testsettings = TraceAndTestImpact.testsettings
	EndProjectSection
EndProject
Project("{FAE04EC0-301F-11D3-BF4B-00C04F79EFBC}") = "B3Provider", "B3Provider\B3Provider.csproj", "{10A0071B-D297-49FD-BEA8-3A4AF6991226}"
EndProject
Project("{FAE04EC0-301F-11D3-BF4B-00C04F79EFBC}") = "B3ProviderTesting", "B3ProviderTesting\B3ProviderTesting.csproj", "{394DFA98-2E84-4DDC-AD63-EB86FC212026}"
EndProject
Project("{FAE04EC0-301F-11D3-BF4B-00C04F79EFBC}") = "B3ProviderExplorer", "B3ProviderExplorer\B3ProviderExplorer.csproj", "{AD7AB4E5-EBAE-4967-8B24-DBDD450F2092}"
EndProject
Global
	GlobalSection(SolutionConfigurationPlatforms) = preSolution
		Debug|Any CPU = Debug|Any CPU
		Debug|Mixed Platforms = Debug|Mixed Platforms
		Debug|x86 = Debug|x86
		Release|Any CPU = Release|Any CPU
		Release|Mixed Platforms = Release|Mixed Platforms
		Release|x86 = Release|x86
	EndGlobalSection
	GlobalSection(ProjectConfigurationPlatforms) = postSolution
		{10A0071B-D297-49FD-BEA8-3A4AF6991226}.Debug|Any CPU.ActiveCfg = Debug|Any CPU
		{10A0071B-D297-49FD-BEA8-3A4AF6991226}.Debug|Any CPU.Build.0 = Debug|Any CPU
		{10A0071B-D297-49FD-BEA8-3A4AF6991226}.Debug|Mixed Platforms.ActiveCfg = Debug|Any CPU
		{10A0071B-D297-49FD-BEA8-3A4AF6991226}.Debug|Mixed Platforms.Build.0 = Debug|Any CPU
		{10A0071B-D297-49FD-BEA8-3A4AF6991226}.Debug|x86.ActiveCfg = Debug|Any CPU
		{10A0071B-D297-49FD-BEA8-3A4AF6991226}.Debug|x86.Build.0 = Debug|Any CPU
		{10A0071B-D297-49FD-BEA8-3A4AF6991226}.Release|Any CPU.ActiveCfg = Release|Any CPU
		{10A0071B-D297-49FD-BEA8-3A4AF6991226}.Release|Any CPU.Build.0 = Release|Any CPU
		{10A0071B-D297-49FD-BEA8-3A4AF6991226}.Release|Mixed Platforms.ActiveCfg = Release|Any CPU
		{10A0071B-D297-49FD-BEA8-3A4AF6991226}.Release|Mixed Platforms.Build.0 = Release|Any CPU
		{10A0071B-D297-49FD-BEA8-3A4AF6991226}.Release|x86.ActiveCfg = Release|Any CPU
		{10A0071B-D297-49FD-BEA8-3A4AF6991226}.Release|x86.Build.0 = Release|Any CPU
		{394DFA98-2E84-4DDC-AD63-EB86FC212026}.Debug|Any CPU.ActiveCfg = Debug|Any CPU
		{394DFA98-2E84-4DDC-AD63-EB86FC212026}.Debug|Any CPU.Build.0 = Debug|Any CPU
		{394DFA98-2E84-4DDC-AD63-EB86FC212026}.Debug|Mixed Platforms.ActiveCfg = Debug|Any CPU
		{394DFA98-2E84-4DDC-AD63-EB86FC212026}.Debug|Mixed Platforms.Build.0 = Debug|Any CPU
		{394DFA98-2E84-4DDC-AD63-EB86FC212026}.Debug|x86.ActiveCfg = Debug|Any CPU
		{394DFA98-2E84-4DDC-AD63-EB86FC212026}.Debug|x86.Build.0 = Debug|Any CPU
		{394DFA98-2E84-4DDC-AD63-EB86FC212026}.Release|Any CPU.ActiveCfg = Release|Any CPU
		{394DFA98-2E84-4DDC-AD63-EB86FC212026}.Release|Any CPU.Build.0 = Release|Any CPU
		{394DFA98-2E84-4DDC-AD63-EB86FC212026}.Release|Mixed Platforms.ActiveCfg = Release|Any CPU
		{394DFA98-2E84-4DDC-AD63-EB86FC212026}.Release|Mixed Platforms.Build.0 = Release|Any CPU
		{394DFA98-2E84-4DDC-AD63-EB86FC212026}.Release|x86.ActiveCfg = Release|Any CPU
		{394DFA98-2E84-4DDC-AD63-EB86FC212026}.Release|x86.Build.0 = Release|Any CPU
		{AD7AB4E5-EBAE-4967-8B24-DBDD450F2092}.Debug|Any CPU.ActiveCfg = Debug|Any CPU
		{AD7AB4E5-EBAE-4967-8B24-DBDD450F2092}.Debug|Any CPU.Build.0 = Debug|Any CPU
		{AD7AB4E5-EBAE-4967-8B24-DBDD450F2092}.Debug|Mixed Platforms.ActiveCfg = Debug|Any CPU
		{AD7AB4E5-EBAE-4967-8B24-DBDD450F2092}.Debug|Mixed Platforms.Build.0 = Debug|Any CPU
		{AD7AB4E5-EBAE-4967-8B24-DBDD450F2092}.Debug|x86.ActiveCfg = Debug|Any CPU
		{AD7AB4E5-EBAE-4967-8B24-DBDD450F2092}.Debug|x86.Build.0 = Debug|Any CPU
		{AD7AB4E5-EBAE-4967-8B24-DBDD450F2092}.Release|Any CPU.ActiveCfg = Release|Any CPU
		{AD7AB4E5-EBAE-4967-8B24-DBDD450F2092}.Release|Any CPU.Build.0 = Release|Any CPU
		{AD7AB4E5-EBAE-4967-8B24-DBDD450F2092}.Release|Mixed Platforms.ActiveCfg = Release|Any CPU
		{AD7AB4E5-EBAE-4967-8B24-DBDD450F2092}.Release|Mixed Platforms.Build.0 = Release|Any CPU
		{AD7AB4E5-EBAE-4967-8B24-DBDD450F2092}.Release|x86.ActiveCfg = Release|Any CPU
		{AD7AB4E5-EBAE-4967-8B24-DBDD450F2092}.Release|x86.Build.0 = Release|Any CPU
	EndGlobalSection
	GlobalSection(SolutionProperties) = preSolution
		HideSolutionNode = FALSE
	EndGlobalSection
	GlobalSection(ExtensibilityGlobals) = postSolution
		SolutionGuid = {D5F7FE62-00BF-4E00-89F2-1AFB726FB00F}
	EndGlobalSection
	GlobalSection(TestCaseManagementSettings) = postSolution
		CategoryFile = Prototyping.vsmdi
	EndGlobalSection
EndGlobal
